lockfileVersion: '6.0'

settings:
  autoInstallPeers: true
  excludeLinksFromLockfile: false

devDependencies:
  '@prettier/plugin-xml':
    specifier: ^3.4.1
    version: 3.4.1(prettier@3.6.2)
  prettier:
    specifier: ^3.6.2
    version: 3.6.2

packages:

  /@prettier/plugin-xml@3.4.1(prettier@3.6.2):
    resolution: {integrity: sha512-Uf/6/+9ez6z/IvZErgobZ2G9n1ybxF5BhCd7eMcKqfoWuOzzNUxBipNo3QAP8kRC1VD18TIo84no7LhqtyDcTg==}
    peerDependencies:
      prettier: ^3.0.0
    dependencies:
      '@xml-tools/parser': 1.0.11
      prettier: 3.6.2
    dev: true

  /@xml-tools/parser@1.0.11:
    resolution: {integrity: sha512-aKqQ077XnR+oQtHJlrAflaZaL7qZsulWc/i/ZEooar5JiWj1eLt0+Wg28cpa+XLney107wXqneC+oG1IZvxkTA==}
    dependencies:
      chevrotain: 7.1.1
    dev: true

  /chevrotain@7.1.1:
    resolution: {integrity: sha512-wy3mC1x4ye+O+QkEinVJkPf5u2vsrDIYW9G7ZuwFl6v/Yu0LwUuT2POsb+NUWApebyxfkQq6+yDfRExbnI5rcw==}
    dependencies:
      regexp-to-ast: 0.5.0
    dev: true

  /prettier@3.6.2:
    resolution: {integrity: sha512-I7AIg5boAr5R0FFtJ6rCfD+LFsWHp81dolrFD8S79U9tb8Az2nGrJncnMSnys+bpQJfRUzqs9hnA81OAA3hCuQ==}
    engines: {node: '>=14'}
    hasBin: true
    dev: true

  /regexp-to-ast@0.5.0:
    resolution: {integrity: sha512-tlbJqcMHnPKI9zSrystikWKwHkBqu2a/Sgw01h3zFjvYrMxEDYHzzoMZnUrbIfpTFEsoRnnviOXNCzFiSc54Qw==}
    dev: true
